
Microsoft Visual Studio Solution File, Format Version 12.00
# Visual Studio Version 17
VisualStudioVersion = 17.9.34622.214
MinimumVisualStudioVersion = 10.0.40219.1
Project("{9A19103F-16F7-4668-BE54-9A1E7A4F7556}") = "Spawn.Server", "Spawn.Server.csproj", "{551B418C-162C-4022-A5F2-2B06A9F8ED23}"
EndProject
Project("{FAE04EC0-301F-11D3-BF4B-00C04F79EFBC}") = "Infrastructure", "..\Infrastructure\Infrastructure.csproj", "{F1A5BCDD-CF2A-400B-8EDE-07BC3FB8C8A9}"
EndProject
Project("{FAE04EC0-301F-11D3-BF4B-00C04F79EFBC}") = "Application", "..\Application\Application.csproj", "{FCEADAE0-D0E4-4E52-9DCC-1DA750332CBB}"
EndProject
Project("{FAE04EC0-301F-11D3-BF4B-00C04F79EFBC}") = "Domain", "..\Domain\Domain.csproj", "{5E7900D7-2A42-4E93-88DB-6300AC765DD6}"
EndProject
Global
	GlobalSection(SolutionConfigurationPlatforms) = preSolution
		Debug|Any CPU = Debug|Any CPU
		Release|Any CPU = Release|Any CPU
	EndGlobalSection
	GlobalSection(ProjectConfigurationPlatforms) = postSolution
		{551B418C-162C-4022-A5F2-2B06A9F8ED23}.Debug|Any CPU.ActiveCfg = Debug|Any CPU
		{551B418C-162C-4022-A5F2-2B06A9F8ED23}.Debug|Any CPU.Build.0 = Debug|Any CPU
		{551B418C-162C-4022-A5F2-2B06A9F8ED23}.Release|Any CPU.ActiveCfg = Release|Any CPU
		{551B418C-162C-4022-A5F2-2B06A9F8ED23}.Release|Any CPU.Build.0 = Release|Any CPU
		{F1A5BCDD-CF2A-400B-8EDE-07BC3FB8C8A9}.Debug|Any CPU.ActiveCfg = Debug|Any CPU
		{F1A5BCDD-CF2A-400B-8EDE-07BC3FB8C8A9}.Debug|Any CPU.Build.0 = Debug|Any CPU
		{F1A5BCDD-CF2A-400B-8EDE-07BC3FB8C8A9}.Release|Any CPU.ActiveCfg = Release|Any CPU
		{F1A5BCDD-CF2A-400B-8EDE-07BC3FB8C8A9}.Release|Any CPU.Build.0 = Release|Any CPU
		{FCEADAE0-D0E4-4E52-9DCC-1DA750332CBB}.Debug|Any CPU.ActiveCfg = Debug|Any CPU
		{FCEADAE0-D0E4-4E52-9DCC-1DA750332CBB}.Debug|Any CPU.Build.0 = Debug|Any CPU
		{FCEADAE0-D0E4-4E52-9DCC-1DA750332CBB}.Release|Any CPU.ActiveCfg = Release|Any CPU
		{FCEADAE0-D0E4-4E52-9DCC-1DA750332CBB}.Release|Any CPU.Build.0 = Release|Any CPU
		{5E7900D7-2A42-4E93-88DB-6300AC765DD6}.Debug|Any CPU.ActiveCfg = Debug|Any CPU
		{5E7900D7-2A42-4E93-88DB-6300AC765DD6}.Debug|Any CPU.Build.0 = Debug|Any CPU
		{5E7900D7-2A42-4E93-88DB-6300AC765DD6}.Release|Any CPU.ActiveCfg = Release|Any CPU
		{5E7900D7-2A42-4E93-88DB-6300AC765DD6}.Release|Any CPU.Build.0 = Release|Any CPU
	EndGlobalSection
	GlobalSection(SolutionProperties) = preSolution
		HideSolutionNode = FALSE
	EndGlobalSection
	GlobalSection(ExtensibilityGlobals) = postSolution
		SolutionGuid = {04C7D512-0C63-485D-A3C1-C69CF84D5497}
	EndGlobalSection
EndGlobal
